
Microsoft Visual Studio Solution File, Format Version 12.00
# Visual Studio Version 17
VisualStudioVersion = 17.4.33205.214
MinimumVisualStudioVersion = 10.0.40219.1
Project("{FAE04EC0-301F-11D3-BF4B-00C04F79EFBC}") = "Lesson", "Lesson\Lesson.csproj", "{D72480AD-CF35-4A60-B9BC-7031E934A5D5}"
EndProject
Global
	GlobalSection(SolutionConfigurationPlatforms) = preSolution
		Debug|Any CPU = Debug|Any CPU
		Release|Any CPU = Release|Any CPU
	EndGlobalSection
	GlobalSection(ProjectConfigurationPlatforms) = postSolution
		{D72480AD-CF35-4A60-B9BC-7031E934A5D5}.Debug|Any CPU.ActiveCfg = Debug|Any CPU
		{D72480AD-CF35-4A60-B9BC-7031E934A5D5}.Debug|Any CPU.Build.0 = Debug|Any CPU
		{D72480AD-CF35-4A60-B9BC-7031E934A5D5}.Release|Any CPU.ActiveCfg = Release|Any CPU
		{D72480AD-CF35-4A60-B9BC-7031E934A5D5}.Release|Any CPU.Build.0 = Release|Any CPU
	EndGlobalSection
	GlobalSection(SolutionProperties) = preSolution
		HideSolutionNode = FALSE
	EndGlobalSection
	GlobalSection(ExtensibilityGlobals) = postSolution
		SolutionGuid = {887451E9-E193-4126-9447-C31EA01E9C30}
	EndGlobalSection
EndGlobal
